PODS:
  - AppUIKit (0.1.0)
  - Network (0.1.0)
  - Storage (0.1.0)
  - SwiftLint (0.63.2)

DEPENDENCIES:
  - AppUIKit (from `LocalPods/AppUIKit`)
  - Network (from `LocalPods/Network`)
  - Storage (from `LocalPods/Storage`)
  - SwiftLint (~> 0.63)

SPEC REPOS:
  trunk:
    - SwiftLint

EXTERNAL SOURCES:
  AppUIKit:
    :path: LocalPods/AppUIKit
  Network:
    :path: LocalPods/Network
  Storage:
    :path: LocalPods/Storage

SPEC CHECKSUMS:
  AppUIKit: 87202ee4f8ae1d882c385f84d5a91e8a00635d59
  Network: 588856b14c75cb4fdd5503222deadd741dc72b95
  Storage: 38fca617fed767b2ab5269f26950e5e4eaadc427
  SwiftLint: 4fa4a9b437ccc4fc72f6c0bc98556e8e9e05bccf

PODFILE CHECKSUM: 84cf5ae1014d5991790a417d51a944af2e707277

COCOAPODS: 1.16.2
